{
  "requires": true,
  "lockfileVersion": 1,
  "dependencies": {
    "@tinymce/tinymce-vue": {
      "version": "1.0.6",
      "resolved": "https://registry.npmjs.org/@tinymce/tinymce-vue/-/tinymce-vue-1.0.6.tgz",
      "integrity": "sha512-dPu7euXtXHJGzDO1ZuT0E414eROk3SVm86uQEoyGptvLV//1UkMIgnSFZfkwDXI1CsRkgxxg9Bz23mIAZ7zmMA==",
      "requires": {
        "vue": "2.5.16"
      }
    },
    "vue": {
      "version": "2.5.16",
      "resolved": "https://registry.npmjs.org/vue/-/vue-2.5.16.tgz",
      "integrity": "sha512-/ffmsiVuPC8PsWcFkZngdpas19ABm5mh2wA7iDqcltyCTwlgZjHGeJYOXkBMo422iPwIcviOtrTCUpSfXmToLQ=="
    }
  }
}
